
Microsoft Visual Studio Solution File, Format Version 12.00
# Visual Studio Version 17
VisualStudioVersion = 17.6.33617.297
MinimumVisualStudioVersion = 10.0.40219.1
Project("{FAE04EC0-301F-11D3-BF4B-00C04F79EFBC}") = "NBomberBasics", "NBomberBasics.csproj", "{89813294-089E-415D-BCF5-535C764CE1B6}"
EndProject
Project("{FAE04EC0-301F-11D3-BF4B-00C04F79EFBC}") = "NBomberHttpBasics", "..\NBomberHttpBasics\NBomberHttpBasics.csproj", "{287AD2B5-2F27-4F4E-B976-F0E38BF71E3E}"
EndProject
Project("{FAE04EC0-301F-11D3-BF4B-00C04F79EFBC}") = "NBomberHTTPProdReady", "..\NBomberHTTPProdReady\NBomberHTTPProdReady.csproj", "{611772ED-D4AA-488B-88A8-5401942CA279}"
EndProject
Global
	GlobalSection(SolutionConfigurationPlatforms) = preSolution
		Debug|Any CPU = Debug|Any CPU
		Release|Any CPU = Release|Any CPU
	EndGlobalSection
	GlobalSection(ProjectConfigurationPlatforms) = postSolution
		{89813294-089E-415D-BCF5-535C764CE1B6}.Debug|Any CPU.ActiveCfg = Debug|Any CPU
		{89813294-089E-415D-BCF5-535C764CE1B6}.Debug|Any CPU.Build.0 = Debug|Any CPU
		{89813294-089E-415D-BCF5-535C764CE1B6}.Release|Any CPU.ActiveCfg = Release|Any CPU
		{89813294-089E-415D-BCF5-535C764CE1B6}.Release|Any CPU.Build.0 = Release|Any CPU
		{287AD2B5-2F27-4F4E-B976-F0E38BF71E3E}.Debug|Any CPU.ActiveCfg = Debug|Any CPU
		{287AD2B5-2F27-4F4E-B976-F0E38BF71E3E}.Debug|Any CPU.Build.0 = Debug|Any CPU
		{287AD2B5-2F27-4F4E-B976-F0E38BF71E3E}.Release|Any CPU.ActiveCfg = Release|Any CPU
		{287AD2B5-2F27-4F4E-B976-F0E38BF71E3E}.Release|Any CPU.Build.0 = Release|Any CPU
		{611772ED-D4AA-488B-88A8-5401942CA279}.Debug|Any CPU.ActiveCfg = Debug|Any CPU
		{611772ED-D4AA-488B-88A8-5401942CA279}.Debug|Any CPU.Build.0 = Debug|Any CPU
		{611772ED-D4AA-488B-88A8-5401942CA279}.Release|Any CPU.ActiveCfg = Release|Any CPU
		{611772ED-D4AA-488B-88A8-5401942CA279}.Release|Any CPU.Build.0 = Release|Any CPU
	EndGlobalSection
	GlobalSection(SolutionProperties) = preSolution
		HideSolutionNode = FALSE
	EndGlobalSection
	GlobalSection(ExtensibilityGlobals) = postSolution
		SolutionGuid = {229094B4-0BCA-467C-8851-5412D62B1CC7}
	EndGlobalSection
EndGlobal
